dependencies:
- name: common
  repository: oci://registry-1.docker.io/bitnamicharts
  version: 2.22.0
- name: nats
  repository: https://nats-io.github.io/k8s/helm/charts/
  version: 1.2.6
- name: nginx
  repository: oci://registry-1.docker.io/bitnamicharts
  version: 18.1.11
digest: sha256:f15f7282a6833dadfd6884075b5e5fcaf491d50a049460db0c8ebac92dc694d5
generated: "2024-11-08T12:57:22.950787-08:00"
