{
  "name": "event-stream-service-demos",
  "version": "0.0.0",
  "lockfileVersion": 3,
  "requires": true,
  "packages": {
    "": {
      "name": "event-stream-service-demos",
      "version": "0.0.0",
      "license": "Apache-2.0",
      "dependencies": {
        "cryptr": "^6.3.0",
        "nats": "^2.28.0"
      }
    },
    "node_modules/cryptr": {
      "version": "6.3.0",
      "resolved": "https://registry.npmjs.org/cryptr/-/cryptr-6.3.0.tgz",
      "integrity": "sha512-TA4byAuorT8qooU9H8YJhBwnqD151i1rcauHfJ3Divg6HmukHB2AYMp0hmjv2873J2alr4t15QqC7zAnWFrtfQ=="
    },
    "node_modules/nats": {
      "version": "2.28.0",
      "resolved": "https://registry.npmjs.org/nats/-/nats-2.28.0.tgz",
      "integrity": "sha512-zXWOTOZEizUQy8UO2lMYFAee0htGrZLmJ2sddfmsDI00nc+dsK5+gS7p7bt26O1omfdCLVU5xymlnAjaqYnOmw==",
      "dependencies": {
        "nkeys.js": "1.1.0"
      },
      "engines": {
        "node": ">= 14.0.0"
      }
    },
    "node_modules/nkeys.js": {
      "version": "1.1.0",
      "resolved": "https://registry.npmjs.org/nkeys.js/-/nkeys.js-1.1.0.tgz",
      "integrity": "sha512-tB/a0shZL5UZWSwsoeyqfTszONTt4k2YS0tuQioMOD180+MbombYVgzDUYHlx+gejYK6rgf08n/2Df99WY0Sxg==",
      "dependencies": {
        "tweetnacl": "1.0.3"
      },
      "engines": {
        "node": ">=10.0.0"
      }
    },
    "node_modules/tweetnacl": {
      "version": "1.0.3",
      "resolved": "https://registry.npmjs.org/tweetnacl/-/tweetnacl-1.0.3.tgz",
      "integrity": "sha512-6rt+RN7aOi1nGMyC4Xa5DdYiukl2UWCbcJft7YhxReBGQD7OAM8Pbxw6YMo4r2diNEA8FEmu32YOn9rhaiE5yw=="
    }
  }
}
